// !$*UTF8*$!
{
	archiveVersion = 1;
	classes = {
	};
	objectVersion = 77;
	objects = {

/* Begin PBXContainerItemProxy section */
		D5881E052E8D70AA0094B0F5 /* PBXContainerItemProxy */ = {
			isa = PBXContainerItemProxy;
			containerPortal = D5881DEF2E8D70A90094B0F5 /* Project object */;
			proxyType = 1;
			remoteGlobalIDString = D5881DF62E8D70A90094B0F5;
			remoteInfo = "Oshi-Trainer";
		};
		D5881E0F2E8D70AA0094B0F5 /* PBXContainerItemProxy */ = {
			isa = PBXContainerItemProxy;
			containerPortal = D5881DEF2E8D70A90094B0F5 /* Project object */;
			proxyType = 1;
			remoteGlobalIDString = D5881DF62E8D70A90094B0F5;
			remoteInfo = "Oshi-Trainer";
		};
/* End PBXContainerItemProxy section */

/* Begin PBXFileReference section */
		D5881DF72E8D70A90094B0F5 /* Oshi-Trainer.app */ = {isa = PBXFileReference; explicitFileType = wrapper.application; includeInIndex = 0; path = "Oshi-Trainer.app"; sourceTree = BUILT_PRODUCTS_DIR; };
		D5881E042E8D70AA0094B0F5 /* Oshi-TrainerTests.xctest */ = {isa = PBXFileReference; explicitFileType = wrapper.cfbundle; includeInIndex = 0; path = "Oshi-TrainerTests.xctest"; sourceTree = BUILT_PRODUCTS_DIR; };
		D5881E0E2E8D70AA0094B0F5 /* Oshi-TrainerUITests.xctest */ = {isa = PBXFileReference; explicitFileType = wrapper.cfbundle; includeInIndex = 0; path = "Oshi-TrainerUITests.xctest"; sourceTree = BUILT_PRODUCTS_DIR; };
/* End PBXFileReference section */

/* Begin PBXFileSystemSynchronizedRootGroup section */
		D5881DF92E8D70A90094B0F5 /* Oshi-Trainer */ = {
			isa = PBXFileSystemSynchronizedRootGroup;
			path = "Oshi-Trainer";
			sourceTree = "<group>";
		};
		D5881E072E8D70AA0094B0F5 /* Oshi-TrainerTests */ = {
			isa = PBXFileSystemSynchronizedRootGroup;
			path = "Oshi-TrainerTests";
			sourceTree = "<group>";
		};
		D5881E112E8D70AA0094B0F5 /* Oshi-TrainerUITests */ = {
			isa = PBXFileSystemSynchronizedRootGroup;
			path = "Oshi-TrainerUITests";
			sourceTree = "<group>";
		};
/* End PBXFileSystemSynchronizedRootGroup section */

/* Begin PBXFrameworksBuildPhase section */
		D5881DF42E8D70A90094B0F5 /* Frameworks */ = {
			isa = PBXFrameworksBuildPhase;
			buildActionMask = 2147483647;
			files = (
			);
			runOnlyForDeploymentPostprocessing = 0;
		};
		D5881E012E8D70AA0094B0F5 /* Frameworks */ = {
			isa = PBXFrameworksBuildPhase;
			buildActionMask = 2147483647;
			files = (
			);
			runOnlyForDeploymentPostprocessing = 0;
		};
		D5881E0B2E8D70AA0094B0F5 /* Frameworks */ = {
			isa = PBXFrameworksBuildPhase;
			buildActionMask = 2147483647;
			files = (
			);
			runOnlyForDeploymentPostprocessing = 0;
		};
/* End PBXFrameworksBuildPhase section */

/* Begin PBXGroup section */
		D5881DEE2E8D70A90094B0F5 = {
			isa = PBXGroup;
			children = (
				D5881DF92E8D70A90094B0F5 /* Oshi-Trainer */,
				D5881E072E8D70AA0094B0F5 /* Oshi-TrainerTests */,
				D5881E112E8D70AA0094B0F5 /* Oshi-TrainerUITests */,
				D5881DF82E8D70A90094B0F5 /* Products */,
			);
			sourceTree = "<group>";
		};
		D5881DF82E8D70A90094B0F5 /* Products */ = {
			isa = PBXGroup;
			children = (
				D5881DF72E8D70A90094B0F5 /* Oshi-Trainer.app */,
				D5881E042E8D70AA0094B0F5 /* Oshi-TrainerTests.xctest */,
				D5881E0E2E8D70AA0094B0F5 /* Oshi-TrainerUITests.xctest */,
			);
			name = Products;
			sourceTree = "<group>";
		};
/* End PBXGroup section */

/* Begin PBXNativeTarget section */
		D5881DF62E8D70A90094B0F5 /* Oshi-Trainer */ = {
			isa = PBXNativeTarget;
			buildConfigurationList = D5881E182E8D70AA0094B0F5 /* Build configuration list for PBXNativeTarget "Oshi-Trainer" */;
			buildPhases = (
				D5881DF32E8D70A90094B0F5 /* Sources */,
				D5881DF42E8D70A90094B0F5 /* Frameworks */,
				D5881DF52E8D70A90094B0F5 /* Resources */,
			);
			buildRules = (
			);
			dependencies = (
			);
			fileSystemSynchronizedGroups = (
				D5881DF92E8D70A90094B0F5 /* Oshi-Trainer */,
			);
			name = "Oshi-Trainer";
			packageProductDependencies = (
			);
			productName = "Oshi-Trainer";
			productReference = D5881DF72E8D70A90094B0F5 /* Oshi-Trainer.app */;
			productType = "com.apple.product-type.application";
		};
		D5881E032E8D70AA0094B0F5 /* Oshi-TrainerTests */ = {
			isa = PBXNativeTarget;
			buildConfigurationList = D5881E1B2E8D70AA0094B0F5 /* Build configuration list for PBXNativeTarget "Oshi-TrainerTests" */;
			buildPhases = (
				D5881E002E8D70AA0094B0F5 /* Sources */,
				D5881E012E8D70AA0094B0F5 /* Frameworks */,
				D5881E022E8D70AA0094B0F5 /* Resources */,
			);
			buildRules = (
			);
			dependencies = (
				D5881E062E8D70AA0094B0F5 /* PBXTargetDependency */,
			);
			fileSystemSynchronizedGroups = (
				D5881E072E8D70AA0094B0F5 /* Oshi-TrainerTests */,
			);
			name = "Oshi-TrainerTests";
			packageProductDependencies = (
			);
			productName = "Oshi-TrainerTests";
			productReference = D5881E042E8D70AA0094B0F5 /* Oshi-TrainerTests.xctest */;
			productType = "com.apple.product-type.bundle.unit-test";
		};
		D5881E0D2E8D70AA0094B0F5 /* Oshi-TrainerUITests */ = {
			isa = PBXNativeTarget;
			buildConfigurationList = D5881E1E2E8D70AA0094B0F5 /* Build configuration list for PBXNativeTarget "Oshi-TrainerUITests" */;
			buildPhases = (
				D5881E0A2E8D70AA0094B0F5 /* Sources */,
				D5881E0B2E8D70AA0094B0F5 /* Frameworks */,
				D5881E0C2E8D70AA0094B0F5 /* Resources */,
			);
			buildRules = (
			);
			dependencies = (
				D5881E102E8D70AA0094B0F5 /* PBXTargetDependency */,
			);
			fileSystemSynchronizedGroups = (
				D5881E112E8D70AA0094B0F5 /* Oshi-TrainerUITests */,
			);
			name = "Oshi-TrainerUITests";
			packageProductDependencies = (
			);
			productName = "Oshi-TrainerUITests";
			productReference = D5881E0E2E8D70AA0094B0F5 /* Oshi-TrainerUITests.xctest */;
			productType = "com.apple.product-type.bundle.ui-testing";
		};
/* End PBXNativeTarget section */

/* Begin PBXProject section */
		D5881DEF2E8D70A90094B0F5 /* Project object */ = {
			isa = PBXProject;
			attributes = {
				BuildIndependentTargetsInParallel = 1;
				LastSwiftUpdateCheck = 2600;
				LastUpgradeCheck = 2600;
				TargetAttributes = {
					D5881DF62E8D70A90094B0F5 = {
						CreatedOnToolsVersion = 26.0;
					};
					D5881E032E8D70AA0094B0F5 = {
						CreatedOnToolsVersion = 26.0;
						TestTargetID = D5881DF62E8D70A90094B0F5;
					};
					D5881E0D2E8D70AA0094B0F5 = {
						CreatedOnToolsVersion = 26.0;
						TestTargetID = D5881DF62E8D70A90094B0F5;
					};
				};
			};
			buildConfigurationList = D5881DF22E8D70A90094B0F5 /* Build configuration list for PBXProject "Oshi-Trainer" */;
			developmentRegion = en;
			hasScannedForEncodings = 0;
			knownRegions = (
				en,
				Base,
			);
			mainGroup = D5881DEE2E8D70A90094B0F5;
			minimizedProjectReferenceProxies = 1;
			preferredProjectObjectVersion = 77;
			productRefGroup = D5881DF82E8D70A90094B0F5 /* Products */;
			projectDirPath = "";
			projectRoot = "";
			targets = (
				D5881DF62E8D70A90094B0F5 /* Oshi-Trainer */,
				D5881E032E8D70AA0094B0F5 /* Oshi-TrainerTests */,
				D5881E0D2E8D70AA0094B0F5 /* Oshi-TrainerUITests */,
			);
		};
/* End PBXProject section */

/* Begin PBXResourcesBuildPhase section */
		D5881DF52E8D70A90094B0F5 /* Resources */ = {
			isa = PBXResourcesBuildPhase;
			buildActionMask = 2147483647;
			files = (
			);
			runOnlyForDeploymentPostprocessing = 0;
		};
		D5881E022E8D70AA0094B0F5 /* Resources */ = {
			isa = PBXResourcesBuildPhase;
			buildActionMask = 2147483647;
			files = (
			);
			runOnlyForDeploymentPostprocessing = 0;
		};
		D5881E0C2E8D70AA0094B0F5 /* Resources */ = {
			isa = PBXResourcesBuildPhase;
			buildActionMask = 2147483647;
			files = (
			);
			runOnlyForDeploymentPostprocessing = 0;
		};
/* End PBXResourcesBuildPhase section */

/* Begin PBXSourcesBuildPhase section */
		D5881DF32E8D70A90094B0F5 /* Sources */ = {
			isa = PBXSourcesBuildPhase;
			buildActionMask = 2147483647;
			files = (
			);
			runOnlyForDeploymentPostprocessing = 0;
		};
		D5881E002E8D70AA0094B0F5 /* Sources */ = {
			isa = PBXSourcesBuildPhase;
			buildActionMask = 2147483647;
			files = (
			);
			runOnlyForDeploymentPostprocessing = 0;
		};
		D5881E0A2E8D70AA0094B0F5 /* Sources */ = {
			isa = PBXSourcesBuildPhase;
			buildActionMask = 2147483647;
			files = (
			);
			runOnlyForDeploymentPostprocessing = 0;
		};
/* End PBXSourcesBuildPhase section */

/* Begin PBXTargetDependency section */
		D5881E062E8D70AA0094B0F5 /* PBXTargetDependency */ = {
			isa = PBXTargetDependency;
			target = D5881DF62E8D70A90094B0F5 /* Oshi-Trainer */;
			targetProxy = D5881E052E8D70AA0094B0F5 /* PBXContainerItemProxy */;
		};
		D5881E102E8D70AA0094B0F5 /* PBXTargetDependency */ = {
			isa = PBXTargetDependency;
			target = D5881DF62E8D70A90094B0F5 /* Oshi-Trainer */;
			targetProxy = D5881E0F2E8D70AA0094B0F5 /* PBXContainerItemProxy */;
		};
/* End PBXTargetDependency section */

/* Begin XCBuildConfiguration section */
		D5881E162E8D70AA0094B0F5 /* Debug */ = {
			isa = XCBuildConfiguration;
			buildSettings = {
				ALWAYS_SEARCH_USER_PATHS = NO;
				ASSETCATALOG_COMPILER_GENERATE_SWIFT_ASSET_SYMBOL_EXTENSIONS = YES;
				CLANG_ANALYZER_NONNULL = YES;
				CLANG_ANALYZER_NUMBER_OBJECT_CONVERSION = YES_AGGRESSIVE;
				CLANG_CXX_LANGUAGE_STANDARD = "gnu++20";
				CLANG_ENABLE_MODULES = YES;
				CLANG_ENABLE_OBJC_ARC = YES;
				CLANG_ENABLE_OBJC_WEAK = YES;
				CLANG_WARN_BLOCK_CAPTURE_AUTORELEASING = YES;
				CLANG_WARN_BOOL_CONVERSION = YES;
				CLANG_WARN_COMMA = YES;
				CLANG_WARN_CONSTANT_CONVERSION = YES;
				CLANG_WARN_DEPRECATED_OBJC_IMPLEMENTATIONS = YES;
				CLANG_WARN_DIRECT_OBJC_ISA_USAGE = YES_ERROR;
				CLANG_WARN_DOCUMENTATION_COMMENTS = YES;
				CLANG_WARN_EMPTY_BODY = YES;
				CLANG_WARN_ENUM_CONVERSION = YES;
				CLANG_WARN_INFINITE_RECURSION = YES;
				CLANG_WARN_INT_CONVERSION = YES;
				CLANG_WARN_NON_LITERAL_NULL_CONVERSION = YES;
				CLANG_WARN_OBJC_IMPLICIT_RETAIN_SELF = YES;
				CLANG_WARN_OBJC_LITERAL_CONVERSION = YES;
				CLANG_WARN_OBJC_ROOT_CLASS = YES_ERROR;
				CLANG_WARN_QUOTED_INCLUDE_IN_FRAMEWORK_HEADER = YES;
				CLANG_WARN_RANGE_LOOP_ANALYSIS = YES;
				CLANG_WARN_STRICT_PROTOTYPES = YES;
				CLANG_WARN_SUSPICIOUS_MOVE = YES;
				CLANG_WARN_UNGUARDED_AVAILABILITY = YES_AGGRESSIVE;
				CLANG_WARN_UNREACHABLE_CODE = YES;
				CLANG_WARN__DUPLICATE_METHOD_MATCH = YES;
				COPY_PHASE_STRIP = NO;
				DEBUG_INFORMATION_FORMAT = dwarf;
				DEVELOPMENT_TEAM = Z6635LHDLQ;
				ENABLE_STRICT_OBJC_MSGSEND = YES;
				ENABLE_TESTABILITY = YES;
				ENABLE_USER_SCRIPT_SANDBOXING = YES;
				GCC_C_LANGUAGE_STANDARD = gnu17;
				GCC_DYNAMIC_NO_PIC = NO;
				GCC_NO_COMMON_BLOCKS = YES;
				GCC_OPTIMIZATION_LEVEL = 0;
				GCC_PREPROCESSOR_DEFINITIONS = (
					"DEBUG=1",
					"$(inherited)",
				);
				GCC_WARN_64_TO_32_BIT_CONVERSION = YES;
				GCC_WARN_ABOUT_RETURN_TYPE = YES_ERROR;
				GCC_WARN_UNDECLARED_SELECTOR = YES;
				GCC_WARN_UNINITIALIZED_AUTOS = YES_AGGRESSIVE;
				GCC_WARN_UNUSED_FUNCTION = YES;
				GCC_WARN_UNUSED_VARIABLE = YES;
				IPHONEOS_DEPLOYMENT_TARGET = 26.0;
				LOCALIZATION_PREFERS_STRING_CATALOGS = YES;
				MTL_ENABLE_DEBUG_INFO = INCLUDE_SOURCE;
				MTL_FAST_MATH = YES;
				ONLY_ACTIVE_ARCH = YES;
				SDKROOT = iphoneos;
				SWIFT_ACTIVE_COMPILATION_CONDITIONS = "DEBUG $(inherited)";
				SWIFT_OPTIMIZATION_LEVEL = "-Onone";
			};
			name = Debug;
		};
		D5881E172E8D70AA0094B0F5 /* Release */ = {
			isa = XCBuildConfiguration;
			buildSettings = {
				ALWAYS_SEARCH_USER_PATHS = NO;
				ASSETCATALOG_COMPILER_GENERATE_SWIFT_ASSET_SYMBOL_EXTENSIONS = YES;
				CLANG_ANALYZER_NONNULL = YES;
				CLANG_ANALYZER_NUMBER_OBJECT_CONVERSION = YES_AGGRESSIVE;
				CLANG_CXX_LANGUAGE_STANDARD = "gnu++20";
				CLANG_ENABLE_MODULES = YES;
				CLANG_ENABLE_OBJC_ARC = YES;
				CLANG_ENABLE_OBJC_WEAK = YES;
				CLANG_WARN_BLOCK_CAPTURE_AUTORELEASING = YES;
				CLANG_WARN_BOOL_CONVERSION = YES;
				CLANG_WARN_COMMA = YES;
				CLANG_WARN_CONSTANT_CONVERSION = YES;
				CLANG_WARN_DEPRECATED_OBJC_IMPLEMENTATIONS = YES;
				CLANG_WARN_DIRECT_OBJC_ISA_USAGE = YES_ERROR;
				CLANG_WARN_DOCUMENTATION_COMMENTS = YES;
				CLANG_WARN_EMPTY_BODY = YES;
				CLANG_WARN_ENUM_CONVERSION = YES;
				CLANG_WARN_INFINITE_RECURSION = YES;
				CLANG_WARN_INT_CONVERSION = YES;
				CLANG_WARN_NON_LITERAL_NULL_CONVERSION = YES;
				CLANG_WARN_OBJC_IMPLICIT_RETAIN_SELF = YES;
				CLANG_WARN_OBJC_LITERAL_CONVERSION = YES;
				CLANG_WARN_OBJC_ROOT_CLASS = YES_ERROR;
				CLANG_WARN_QUOTED_INCLUDE_IN_FRAMEWORK_HEADER = YES;
				CLANG_WARN_RANGE_LOOP_ANALYSIS = YES;
				CLANG_WARN_STRICT_PROTOTYPES = YES;
				CLANG_WARN_SUSPICIOUS_MOVE = YES;
				CLANG_WARN_UNGUARDED_AVAILABILITY = YES_AGGRESSIVE;
				CLANG_WARN_UNREACHABLE_CODE = YES;
				CLANG_WARN__DUPLICATE_METHOD_MATCH = YES;
				COPY_PHASE_STRIP = NO;
				DEBUG_INFORMATION_FORMAT = "dwarf-with-dsym";
				DEVELOPMENT_TEAM = Z6635LHDLQ;
				ENABLE_NS_ASSERTIONS = NO;
				ENABLE_STRICT_OBJC_MSGSEND = YES;
				ENABLE_USER_SCRIPT_SANDBOXING = YES;
				GCC_C_LANGUAGE_STANDARD = gnu17;
				GCC_NO_COMMON_BLOCKS = YES;
				GCC_WARN_64_TO_32_BIT_CONVERSION = YES;
				GCC_WARN_ABOUT_RETURN_TYPE = YES_ERROR;
				GCC_WARN_UNDECLARED_SELECTOR = YES;
				GCC_WARN_UNINITIALIZED_AUTOS = YES_AGGRESSIVE;
				GCC_WARN_UNUSED_FUNCTION = YES;
				GCC_WARN_UNUSED_VARIABLE = YES;
				IPHONEOS_DEPLOYMENT_TARGET = 26.0;
				LOCALIZATION_PREFERS_STRING_CATALOGS = YES;
				MTL_ENABLE_DEBUG_INFO = NO;
				MTL_FAST_MATH = YES;
				SDKROOT = iphoneos;
				SWIFT_COMPILATION_MODE = wholemodule;
				VALIDATE_PRODUCT = YES;
			};
			name = Release;
		};
		D5881E192E8D70AA0094B0F5 /* Debug */ = {
			isa = XCBuildConfiguration;
			buildSettings = {
				ASSETCATALOG_COMPILER_APPICON_NAME = AppIcon;
				ASSETCATALOG_COMPILER_GLOBAL_ACCENT_COLOR_NAME = AccentColor;
				CODE_SIGN_STYLE = Automatic;
				CURRENT_PROJECT_VERSION = 1;
				DEVELOPMENT_TEAM = Z6635LHDLQ;
				ENABLE_PREVIEWS = YES;
				GENERATE_INFOPLIST_FILE = YES;
				INFOPLIST_KEY_UIApplicationSceneManifest_Generation = YES;
				INFOPLIST_KEY_UIApplicationSupportsIndirectInputEvents = YES;
				INFOPLIST_KEY_UILaunchScreen_Generation = YES;
				INFOPLIST_KEY_UISupportedInterfaceOrientations_iPad = "UIInterfaceOrientationPortrait UIInterfaceOrientationPortraitUpsideDown UIInterfaceOrientationLandscapeLeft UIInterfaceOrientationLandscapeRight";
				INFOPLIST_KEY_UISupportedInterfaceOrientations_iPhone = "UIInterfaceOrientationPortrait UIInterfaceOrientationLandscapeLeft UIInterfaceOrientationLandscapeRight";
				LD_RUNPATH_SEARCH_PATHS = (
					"$(inherited)",
					"@executable_path/Frameworks",
				);
				MARKETING_VERSION = 1.0;
				PRODUCT_BUNDLE_IDENTIFIER = "Team.TAKAandMASA.Oshi-Trainer";
				PRODUCT_NAME = "$(TARGET_NAME)";
				STRING_CATALOG_GENERATE_SYMBOLS = YES;
				SWIFT_APPROACHABLE_CONCURRENCY = YES;
				SWIFT_DEFAULT_ACTOR_ISOLATION = MainActor;
				SWIFT_EMIT_LOC_STRINGS = YES;
				SWIFT_UPCOMING_FEATURE_MEMBER_IMPORT_VISIBILITY = YES;
				SWIFT_VERSION = 5.0;
				TARGETED_DEVICE_FAMILY = "1,2";
			};
			name = Debug;
		};
		D5881E1A2E8D70AA0094B0F5 /* Release */ = {
			isa = XCBuildConfiguration;
			buildSettings = {
				ASSETCATALOG_COMPILER_APPICON_NAME = AppIcon;
				ASSETCATALOG_COMPILER_GLOBAL_ACCENT_COLOR_NAME = AccentColor;
				CODE_SIGN_STYLE = Automatic;
				CURRENT_PROJECT_VERSION = 1;
				DEVELOPMENT_TEAM = Z6635LHDLQ;
				ENABLE_PREVIEWS = YES;
				GENERATE_INFOPLIST_FILE = YES;
				INFOPLIST_KEY_UIApplicationSceneManifest_Generation = YES;
				INFOPLIST_KEY_UIApplicationSupportsIndirectInputEvents = YES;
				INFOPLIST_KEY_UILaunchScreen_Generation = YES;
				INFOPLIST_KEY_UISupportedInterfaceOrientations_iPad = "UIInterfaceOrientationPortrait UIInterfaceOrientationPortraitUpsideDown UIInterfaceOrientationLandscapeLeft UIInterfaceOrientationLandscapeRight";
				INFOPLIST_KEY_UISupportedInterfaceOrientations_iPhone = "UIInterfaceOrientationPortrait UIInterfaceOrientationLandscapeLeft UIInterfaceOrientationLandscapeRight";
				LD_RUNPATH_SEARCH_PATHS = (
					"$(inherited)",
					"@executable_path/Frameworks",
				);
				MARKETING_VERSION = 1.0;
				PRODUCT_BUNDLE_IDENTIFIER = "Team.TAKAandMASA.Oshi-Trainer";
				PRODUCT_NAME = "$(TARGET_NAME)";
				STRING_CATALOG_GENERATE_SYMBOLS = YES;
				SWIFT_APPROACHABLE_CONCURRENCY = YES;
				SWIFT_DEFAULT_ACTOR_ISOLATION = MainActor;
				SWIFT_EMIT_LOC_STRINGS = YES;
				SWIFT_UPCOMING_FEATURE_MEMBER_IMPORT_VISIBILITY = YES;
				SWIFT_VERSION = 5.0;
				TARGETED_DEVICE_FAMILY = "1,2";
			};
			name = Release;
		};
		D5881E1C2E8D70AA0094B0F5 /* Debug */ = {
			isa = XCBuildConfiguration;
			buildSettings = {
				BUNDLE_LOADER = "$(TEST_HOST)";
				CODE_SIGN_STYLE = Automatic;
				CURRENT_PROJECT_VERSION = 1;
				DEVELOPMENT_TEAM = Z6635LHDLQ;
				GENERATE_INFOPLIST_FILE = YES;
				IPHONEOS_DEPLOYMENT_TARGET = 26.0;
				MARKETING_VERSION = 1.0;
				PRODUCT_BUNDLE_IDENTIFIER = "Team.TAKAandMASA.Oshi-TrainerTests";
				PRODUCT_NAME = "$(TARGET_NAME)";
				STRING_CATALOG_GENERATE_SYMBOLS = NO;
				SWIFT_APPROACHABLE_CONCURRENCY = YES;
				SWIFT_EMIT_LOC_STRINGS = NO;
				SWIFT_UPCOMING_FEATURE_MEMBER_IMPORT_VISIBILITY = YES;
				SWIFT_VERSION = 5.0;
				TARGETED_DEVICE_FAMILY = "1,2";
				TEST_HOST = "$(BUILT_PRODUCTS_DIR)/Oshi-Trainer.app/$(BUNDLE_EXECUTABLE_FOLDER_PATH)/Oshi-Trainer";
			};
			name = Debug;
		};
		D5881E1D2E8D70AA0094B0F5 /* Release */ = {
			isa = XCBuildConfiguration;
			buildSettings = {
				BUNDLE_LOADER = "$(TEST_HOST)";
				CODE_SIGN_STYLE = Automatic;
				CURRENT_PROJECT_VERSION = 1;
				DEVELOPMENT_TEAM = Z6635LHDLQ;
				GENERATE_INFOPLIST_FILE = YES;
				IPHONEOS_DEPLOYMENT_TARGET = 26.0;
				MARKETING_VERSION = 1.0;
				PRODUCT_BUNDLE_IDENTIFIER = "Team.TAKAandMASA.Oshi-TrainerTests";
				PRODUCT_NAME = "$(TARGET_NAME)";
				STRING_CATALOG_GENERATE_SYMBOLS = NO;
				SWIFT_APPROACHABLE_CONCURRENCY = YES;
				SWIFT_EMIT_LOC_STRINGS = NO;
				SWIFT_UPCOMING_FEATURE_MEMBER_IMPORT_VISIBILITY = YES;
				SWIFT_VERSION = 5.0;
				TARGETED_DEVICE_FAMILY = "1,2";
				TEST_HOST = "$(BUILT_PRODUCTS_DIR)/Oshi-Trainer.app/$(BUNDLE_EXECUTABLE_FOLDER_PATH)/Oshi-Trainer";
			};
			name = Release;
		};
		D5881E1F2E8D70AA0094B0F5 /* Debug */ = {
			isa = XCBuildConfiguration;
			buildSettings = {
				CODE_SIGN_STYLE = Automatic;
				CURRENT_PROJECT_VERSION = 1;
				DEVELOPMENT_TEAM = Z6635LHDLQ;
				GENERATE_INFOPLIST_FILE = YES;
				MARKETING_VERSION = 1.0;
				PRODUCT_BUNDLE_IDENTIFIER = "Team.TAKAandMASA.Oshi-TrainerUITests";
				PRODUCT_NAME = "$(TARGET_NAME)";
				STRING_CATALOG_GENERATE_SYMBOLS = NO;
				SWIFT_APPROACHABLE_CONCURRENCY = YES;
				SWIFT_EMIT_LOC_STRINGS = NO;
				SWIFT_UPCOMING_FEATURE_MEMBER_IMPORT_VISIBILITY = YES;
				SWIFT_VERSION = 5.0;
				TARGETED_DEVICE_FAMILY = "1,2";
				TEST_TARGET_NAME = "Oshi-Trainer";
			};
			name = Debug;
		};
		D5881E202E8D70AA0094B0F5 /* Release */ = {
			isa = XCBuildConfiguration;
			buildSettings = {
				CODE_SIGN_STYLE = Automatic;
				CURRENT_PROJECT_VERSION = 1;
				DEVELOPMENT_TEAM = Z6635LHDLQ;
				GENERATE_INFOPLIST_FILE = YES;
				MARKETING_VERSION = 1.0;
				PRODUCT_BUNDLE_IDENTIFIER = "Team.TAKAandMASA.Oshi-TrainerUITests";
				PRODUCT_NAME = "$(TARGET_NAME)";
				STRING_CATALOG_GENERATE_SYMBOLS = NO;
				SWIFT_APPROACHABLE_CONCURRENCY = YES;
				SWIFT_EMIT_LOC_STRINGS = NO;
				SWIFT_UPCOMING_FEATURE_MEMBER_IMPORT_VISIBILITY = YES;
				SWIFT_VERSION = 5.0;
				TARGETED_DEVICE_FAMILY = "1,2";
				TEST_TARGET_NAME = "Oshi-Trainer";
			};
			name = Release;
		};
/* End XCBuildConfiguration section */

/* Begin XCConfigurationList section */
		D5881DF22E8D70A90094B0F5 /* Build configuration list for PBXProject "Oshi-Trainer" */ = {
			isa = XCConfigurationList;
			buildConfigurations = (
				D5881E162E8D70AA0094B0F5 /* Debug */,
				D5881E172E8D70AA0094B0F5 /* Release */,
			);
			defaultConfigurationIsVisible = 0;
			defaultConfigurationName = Release;
		};
		D5881E182E8D70AA0094B0F5 /* Build configuration list for PBXNativeTarget "Oshi-Trainer" */ = {
			isa = XCConfigurationList;
			buildConfigurations = (
				D5881E192E8D70AA0094B0F5 /* Debug */,
				D5881E1A2E8D70AA0094B0F5 /* Release */,
			);
			defaultConfigurationIsVisible = 0;
			defaultConfigurationName = Release;
		};
		D5881E1B2E8D70AA0094B0F5 /* Build configuration list for PBXNativeTarget "Oshi-TrainerTests" */ = {
			isa = XCConfigurationList;
			buildConfigurations = (
				D5881E1C2E8D70AA0094B0F5 /* Debug */,
				D5881E1D2E8D70AA0094B0F5 /* Release */,
			);
			defaultConfigurationIsVisible = 0;
			defaultConfigurationName = Release;
		};
		D5881E1E2E8D70AA0094B0F5 /* Build configuration list for PBXNativeTarget "Oshi-TrainerUITests" */ = {
			isa = XCConfigurationList;
			buildConfigurations = (
				D5881E1F2E8D70AA0094B0F5 /* Debug */,
				D5881E202E8D70AA0094B0F5 /* Release */,
			);
			defaultConfigurationIsVisible = 0;
			defaultConfigurationName = Release;
		};
/* End XCConfigurationList section */
	};
	rootObject = D5881DEF2E8D70A90094B0F5 /* Project object */;
}
